
Microsoft Visual Studio Solution File, Format Version 12.00
# Visual Studio 2012
Project("{FAE04EC0-301F-11D3-BF4B-00C04F79EFBC}") = "all shape", "all shape\all shape.csproj", "{7FB6969D-1B51-4B6B-836B-0ABF4071B0A1}"
EndProject
Global
	GlobalSection(SolutionConfigurationPlatforms) = preSolution
		Debug|Any CPU = Debug|Any CPU
		Release|Any CPU = Release|Any CPU
	EndGlobalSection
	GlobalSection(ProjectConfigurationPlatforms) = postSolution
		{7FB6969D-1B51-4B6B-836B-0ABF4071B0A1}.Debug|Any CPU.ActiveCfg = Debug|Any CPU
		{7FB6969D-1B51-4B6B-836B-0ABF4071B0A1}.Debug|Any CPU.Build.0 = Debug|Any CPU
		{7FB6969D-1B51-4B6B-836B-0ABF4071B0A1}.Release|Any CPU.ActiveCfg = Release|Any CPU
		{7FB6969D-1B51-4B6B-836B-0ABF4071B0A1}.Release|Any CPU.Build.0 = Release|Any CPU
	EndGlobalSection
	GlobalSection(SolutionProperties) = preSolution
		HideSolutionNode = FALSE
	EndGlobalSection
EndGlobal
